<?xml version="1.0" encoding="utf-8"?>
<Project ToolsVersion="17.0" xmlns="http://schemas.microsoft.com/developer/msbuild/2003">
  <ItemGroup>
    <ClCompile Include="C:\qt-calendar-app\build-local\QtCalendarApp_autogen\mocs_compilation_Debug.cpp">
      <Filter>Source Files\Generated</Filter>
    </ClCompile>
    <ClCompile Include="C:\qt-calendar-app\src\app\main.cpp">
      <Filter>Source Files</Filter>
    </ClCompile>
    <ClCompile Include="C:\qt-calendar-app\src\backend\WorkoutStore.cpp">
      <Filter>Source Files</Filter>
    </ClCompile>
    <ClCompile Include="C:\qt-calendar-app\build-local\QtCalendarApp_autogen\3YJK5W5UP7_Debug\qrc_resources.cpp">
      <Filter>Source Files</Filter>
    </ClCompile>
    <ClCompile Include="C:\qt-calendar-app\build-local\QtCalendarApp_autogen\mocs_compilation_Release.cpp">
      <Filter>Source Files\Generated</Filter>
    </ClCompile>
    <ClCompile Include="C:\qt-calendar-app\build-local\QtCalendarApp_autogen\3YJK5W5UP7_Release\qrc_resources.cpp">
      <Filter>Source Files</Filter>
    </ClCompile>
    <ClCompile Include="C:\qt-calendar-app\build-local\QtCalendarApp_autogen\mocs_compilation_MinSizeRel.cpp">
      <Filter>Source Files\Generated</Filter>
    </ClCompile>
    <ClCompile Include="C:\qt-calendar-app\build-local\QtCalendarApp_autogen\3YJK5W5UP7_MinSizeRel\qrc_resources.cpp">
      <Filter>Source Files</Filter>
    </ClCompile>
    <ClCompile Include="C:\qt-calendar-app\build-local\QtCalendarApp_autogen\mocs_compilation_RelWithDebInfo.cpp">
      <Filter>Source Files\Generated</Filter>
    </ClCompile>
    <ClCompile Include="C:\qt-calendar-app\build-local\QtCalendarApp_autogen\3YJK5W5UP7_RelWithDebInfo\qrc_resources.cpp">
      <Filter>Source Files</Filter>
    </ClCompile>
  </ItemGroup>
  <ItemGroup>
    <CustomBuild Include="C:\qt-calendar-app\build-local\CMakeFiles\5a0b6108c3dd7754150b5eb6beb7fef4\qrc_resources.cpp.rule">
      <Filter>CMake Rules</Filter>
    </CustomBuild>
    <CustomBuild Include="C:\qt-calendar-app\CMakeLists.txt" />
  </ItemGroup>
  <ItemGroup>
    <None Include="C:\qt-calendar-app\resources\resources.qrc" />
  </ItemGroup>
  <ItemGroup>
    <Filter Include="CMake Rules">
      <UniqueIdentifier>{B8C55EAE-BD56-3D6E-B7E5-2DED6E77C6F0}</UniqueIdentifier>
    </Filter>
    <Filter Include="Source Files">
      <UniqueIdentifier>{00543239-BE5E-3AD6-8161-DBBCA665EC78}</UniqueIdentifier>
    </Filter>
    <Filter Include="Source Files\Generated">
      <UniqueIdentifier>{071CE5BE-2812-313F-83CD-B64D6EC0F2BD}</UniqueIdentifier>
    </Filter>
  </ItemGroup>
</Project>
